{
	"lucicfg": "1.46.3",
	"packages": [
		{
			"name": "@chromium-agents",
			"deps": [
				"@chromium-luci"
			],
			"lucicfg": "1.46.3",
			"entrypoints": [
				"main.star"
			]
		},
		{
			"name": "@chromium-luci",
			"source": {
				"repo": "https://chromium.googlesource.com/infra/chromium/+/refs/heads/main",
				"revision": "9bf1157838ed60790863091715e1fd98faa76054",
				"path": "starlark-libs/chromium-luci"
			},
			"lucicfg": "1.46.1"
		}
	]
}
